// !$*UTF8*$!
{
	archiveVersion = 1;
	classes = {
	};
	objectVersion = 46;
	objects = {

/* Begin PBXBuildFile section */
		5728F6981C38D37400A45685 /* icon.256.png in Resources */ = {isa = PBXBuildFile; fileRef = 5728F6951C38D37400A45685 /* icon.256.png */; };
		5728F6991C38D37400A45685 /* icon.512.png in Resources */ = {isa = PBXBuildFile; fileRef = 5728F6961C38D37400A45685 /* icon.512.png */; };
		5728F69A1C38D37400A45685 /* icon.1024.png in Resources */ = {isa = PBXBuildFile; fileRef = 5728F6971C38D37400A45685 /* icon.1024.png */; };
		579437A81C38790E00119137 /* AppDelegate.swift in Sources */ = {isa = PBXBuildFile; fileRef = 579437A71C38790E00119137 /* AppDelegate.swift */; };
		579437AA1C38790E00119137 /* GameScene.swift in Sources */ = {isa = PBXBuildFile; fileRef = 579437A91C38790E00119137 /* GameScene.swift */; };
		579437AC1C38790E00119137 /* GameScene.sks in Resources */ = {isa = PBXBuildFile; fileRef = 579437AB1C38790E00119137 /* GameScene.sks */; };
		579437AE1C38790E00119137 /* Assets.xcassets in Resources */ = {isa = PBXBuildFile; fileRef = 579437AD1C38790E00119137 /* Assets.xcassets */; };
		579437B11C38790E00119137 /* MainMenu.xib in Resources */ = {isa = PBXBuildFile; fileRef = 579437AF1C38790E00119137 /* MainMenu.xib */; };
		579437B91C387DBD00119137 /* Tile.swift in Sources */ = {isa = PBXBuildFile; fileRef = 579437B81C387DBD00119137 /* Tile.swift */; };
		57A593551C38CC2300DA28E3 /* logo.xxiivv.white.png in Resources */ = {isa = PBXBuildFile; fileRef = 57A593541C38CC2300DA28E3 /* logo.xxiivv.white.png */; };
		57B4B65E1C4F470F00D3A226 /* DomesticView.h in Headers */ = {isa = PBXBuildFile; fileRef = 57B4B65D1C4F470F00D3A226 /* DomesticView.h */; };
		57B4B6601C4F470F00D3A226 /* DomesticView.m in Sources */ = {isa = PBXBuildFile; fileRef = 57B4B65F1C4F470F00D3A226 /* DomesticView.m */; };
		7DAAB92D1C50B6BA0007F9FA /* logo.xxiivv.white.png in Resources */ = {isa = PBXBuildFile; fileRef = 57A593541C38CC2300DA28E3 /* logo.xxiivv.white.png */; };
		7DAAB9311C50B6FD0007F9FA /* ScreenSaverScene.swift in Sources */ = {isa = PBXBuildFile; fileRef = 7DAAB92E1C50B6FD0007F9FA /* ScreenSaverScene.swift */; };
		7DAAB9321C50B6FD0007F9FA /* ScreenSaverSKView.swift in Sources */ = {isa = PBXBuildFile; fileRef = 7DAAB92F1C50B6FD0007F9FA /* ScreenSaverSKView.swift */; };
		7DAAB9331C50B6FD0007F9FA /* Tile.swift in Sources */ = {isa = PBXBuildFile; fileRef = 7DAAB9301C50B6FD0007F9FA /* Tile.swift */; };
/* End PBXBuildFile section */

/* Begin PBXFileReference section */
		5728F6951C38D37400A45685 /* icon.256.png */ = {isa = PBXFileReference; lastKnownFileType = image.png; path = icon.256.png; sourceTree = "<group>"; };
		5728F6961C38D37400A45685 /* icon.512.png */ = {isa = PBXFileReference; lastKnownFileType = image.png; path = icon.512.png; sourceTree = "<group>"; };
		5728F6971C38D37400A45685 /* icon.1024.png */ = {isa = PBXFileReference; lastKnownFileType = image.png; path = icon.1024.png; sourceTree = "<group>"; };
		579437A41C38790E00119137 /* Domestic Moire.app */ = {isa = PBXFileReference; explicitFileType = wrapper.application; includeInIndex = 0; path = "Domestic Moire.app"; sourceTree = BUILT_PRODUCTS_DIR; };
		579437A71C38790E00119137 /* AppDelegate.swift */ = {isa = PBXFileReference; lastKnownFileType = sourcecode.swift; path = AppDelegate.swift; sourceTree = "<group>"; };
		579437A91C38790E00119137 /* GameScene.swift */ = {isa = PBXFileReference; lastKnownFileType = sourcecode.swift; path = GameScene.swift; sourceTree = "<group>"; };
		579437AB1C38790E00119137 /* GameScene.sks */ = {isa = PBXFileReference; lastKnownFileType = file.sks; path = GameScene.sks; sourceTree = "<group>"; };
		579437AD1C38790E00119137 /* Assets.xcassets */ = {isa = PBXFileReference; lastKnownFileType = folder.assetcatalog; path = Assets.xcassets; sourceTree = "<group>"; };
		579437B01C38790E00119137 /* Base */ = {isa = PBXFileReference; lastKnownFileType = file.xib; name = Base; path = Base.lproj/MainMenu.xib; sourceTree = "<group>"; };
		579437B21C38790E00119137 /* Info.plist */ = {isa = PBXFileReference; lastKnownFileType = text.plist.xml; path = Info.plist; sourceTree = "<group>"; };
		579437B81C387DBD00119137 /* Tile.swift */ = {isa = PBXFileReference; fileEncoding = 4; lastKnownFileType = sourcecode.swift; path = Tile.swift; sourceTree = "<group>"; };
		57A593541C38CC2300DA28E3 /* logo.xxiivv.white.png */ = {isa = PBXFileReference; lastKnownFileType = image.png; path = logo.xxiivv.white.png; sourceTree = "<group>"; };
		57B4B65B1C4F470F00D3A226 /* Domestic.saver */ = {isa = PBXFileReference; explicitFileType = wrapper.cfbundle; includeInIndex = 0; path = Domestic.saver; sourceTree = BUILT_PRODUCTS_DIR; };
		57B4B65D1C4F470F00D3A226 /* DomesticView.h */ = {isa = PBXFileReference; lastKnownFileType = sourcecode.c.h; path = DomesticView.h; sourceTree = "<group>"; };
		57B4B65F1C4F470F00D3A226 /* DomesticView.m */ = {isa = PBXFileReference; lastKnownFileType = sourcecode.c.objc; path = DomesticView.m; sourceTree = "<group>"; };
		57B4B6611C4F470F00D3A226 /* Info.plist */ = {isa = PBXFileReference; lastKnownFileType = text.plist.xml; path = Info.plist; sourceTree = "<group>"; };
		7DAAB92E1C50B6FD0007F9FA /* ScreenSaverScene.swift */ = {isa = PBXFileReference; fileEncoding = 4; lastKnownFileType = sourcecode.swift; path = ScreenSaverScene.swift; sourceTree = "<group>"; };
		7DAAB92F1C50B6FD0007F9FA /* ScreenSaverSKView.swift */ = {isa = PBXFileReference; fileEncoding = 4; lastKnownFileType = sourcecode.swift; path = ScreenSaverSKView.swift; sourceTree = "<group>"; };
		7DAAB9301C50B6FD0007F9FA /* Tile.swift */ = {isa = PBXFileReference; fileEncoding = 4; lastKnownFileType = sourcecode.swift; path = Tile.swift; sourceTree = "<group>"; };
/* End PBXFileReference section */

/* Begin PBXFrameworksBuildPhase section */
		579437A11C38790E00119137 /* Frameworks */ = {
			isa = PBXFrameworksBuildPhase;
			buildActionMask = 2147483647;
			files = (
			);
			runOnlyForDeploymentPostprocessing = 0;
		};
		57B4B6571C4F470F00D3A226 /* Frameworks */ = {
			isa = PBXFrameworksBuildPhase;
			buildActionMask = 2147483647;
			files = (
			);
			runOnlyForDeploymentPostprocessing = 0;
		};
/* End PBXFrameworksBuildPhase section */

/* Begin PBXGroup section */
		5794379B1C38790E00119137 = {
			isa = PBXGroup;
			children = (
				579437A61C38790E00119137 /* Tatami */,
				57B4B65C1C4F470F00D3A226 /* Domestic */,
				579437A51C38790E00119137 /* Products */,
			);
			sourceTree = "<group>";
		};
		579437A51C38790E00119137 /* Products */ = {
			isa = PBXGroup;
			children = (
				579437A41C38790E00119137 /* Domestic Moire.app */,
				57B4B65B1C4F470F00D3A226 /* Domestic.saver */,
			);
			name = Products;
			sourceTree = "<group>";
		};
		579437A61C38790E00119137 /* Tatami */ = {
			isa = PBXGroup;
			children = (
				5728F6951C38D37400A45685 /* icon.256.png */,
				5728F6961C38D37400A45685 /* icon.512.png */,
				5728F6971C38D37400A45685 /* icon.1024.png */,
				57A593541C38CC2300DA28E3 /* logo.xxiivv.white.png */,
				579437A71C38790E00119137 /* AppDelegate.swift */,
				579437A91C38790E00119137 /* GameScene.swift */,
				579437B81C387DBD00119137 /* Tile.swift */,
				579437AB1C38790E00119137 /* GameScene.sks */,
				579437AD1C38790E00119137 /* Assets.xcassets */,
				579437AF1C38790E00119137 /* MainMenu.xib */,
				579437B21C38790E00119137 /* Info.plist */,
			);
			path = Tatami;
			sourceTree = "<group>";
		};
		57B4B65C1C4F470F00D3A226 /* Domestic */ = {
			isa = PBXGroup;
			children = (
				57B4B65D1C4F470F00D3A226 /* DomesticView.h */,
				57B4B65F1C4F470F00D3A226 /* DomesticView.m */,
				7DAAB92E1C50B6FD0007F9FA /* ScreenSaverScene.swift */,
				7DAAB92F1C50B6FD0007F9FA /* ScreenSaverSKView.swift */,
				7DAAB9301C50B6FD0007F9FA /* Tile.swift */,
				57B4B6611C4F470F00D3A226 /* Info.plist */,
			);
			path = Domestic;
			sourceTree = "<group>";
		};
/* End PBXGroup section */

/* Begin PBXHeadersBuildPhase section */
		57B4B6581C4F470F00D3A226 /* Headers */ = {
			isa = PBXHeadersBuildPhase;
			buildActionMask = 2147483647;
			files = (
				57B4B65E1C4F470F00D3A226 /* DomesticView.h in Headers */,
			);
			runOnlyForDeploymentPostprocessing = 0;
		};
/* End PBXHeadersBuildPhase section */

/* Begin PBXNativeTarget section */
		579437A31C38790E00119137 /* Domestic Moire */ = {
			isa = PBXNativeTarget;
			buildConfigurationList = 579437B51C38790E00119137 /* Build configuration list for PBXNativeTarget "Domestic Moire" */;
			buildPhases = (
				579437A01C38790E00119137 /* Sources */,
				579437A11C38790E00119137 /* Frameworks */,
				579437A21C38790E00119137 /* Resources */,
			);
			buildRules = (
			);
			dependencies = (
			);
			name = "Domestic Moire";
			productName = Tatami;
			productReference = 579437A41C38790E00119137 /* Domestic Moire.app */;
			productType = "com.apple.product-type.application";
		};
		57B4B65A1C4F470F00D3A226 /* Domestic */ = {
			isa = PBXNativeTarget;
			buildConfigurationList = 57B4B6641C4F470F00D3A226 /* Build configuration list for PBXNativeTarget "Domestic" */;
			buildPhases = (
				57B4B6561C4F470F00D3A226 /* Sources */,
				57B4B6571C4F470F00D3A226 /* Frameworks */,
				57B4B6581C4F470F00D3A226 /* Headers */,
				57B4B6591C4F470F00D3A226 /* Resources */,
			);
			buildRules = (
			);
			dependencies = (
			);
			name = Domestic;
			productName = Domestic;
			productReference = 57B4B65B1C4F470F00D3A226 /* Domestic.saver */;
			productType = "com.apple.product-type.bundle";
		};
/* End PBXNativeTarget section */

/* Begin PBXProject section */
		5794379C1C38790E00119137 /* Project object */ = {
			isa = PBXProject;
			attributes = {
				LastSwiftUpdateCheck = 0720;
				LastUpgradeCheck = 0720;
				ORGANIZATIONNAME = "Devine Lu Linvega";
				TargetAttributes = {
					579437A31C38790E00119137 = {
						CreatedOnToolsVersion = 7.2;
						DevelopmentTeam = B948MFAE5C;
					};
					57B4B65A1C4F470F00D3A226 = {
						CreatedOnToolsVersion = 7.2;
					};
				};
			};
			buildConfigurationList = 5794379F1C38790E00119137 /* Build configuration list for PBXProject "Domestic Moire" */;
			compatibilityVersion = "Xcode 3.2";
			developmentRegion = English;
			hasScannedForEncodings = 0;
			knownRegions = (
				en,
				Base,
			);
			mainGroup = 5794379B1C38790E00119137;
			productRefGroup = 579437A51C38790E00119137 /* Products */;
			projectDirPath = "";
			projectRoot = "";
			targets = (
				579437A31C38790E00119137 /* Domestic Moire */,
				57B4B65A1C4F470F00D3A226 /* Domestic */,
			);
		};
/* End PBXProject section */

/* Begin PBXResourcesBuildPhase section */
		579437A21C38790E00119137 /* Resources */ = {
			isa = PBXResourcesBuildPhase;
			buildActionMask = 2147483647;
			files = (
				57A593551C38CC2300DA28E3 /* logo.xxiivv.white.png in Resources */,
				5728F69A1C38D37400A45685 /* icon.1024.png in Resources */,
				579437AE1C38790E00119137 /* Assets.xcassets in Resources */,
				5728F6991C38D37400A45685 /* icon.512.png in Resources */,
				579437AC1C38790E00119137 /* GameScene.sks in Resources */,
				579437B11C38790E00119137 /* MainMenu.xib in Resources */,
				5728F6981C38D37400A45685 /* icon.256.png in Resources */,
			);
			runOnlyForDeploymentPostprocessing = 0;
		};
		57B4B6591C4F470F00D3A226 /* Resources */ = {
			isa = PBXResourcesBuildPhase;
			buildActionMask = 2147483647;
			files = (
				7DAAB92D1C50B6BA0007F9FA /* logo.xxiivv.white.png in Resources */,
			);
			runOnlyForDeploymentPostprocessing = 0;
		};
/* End PBXResourcesBuildPhase section */

/* Begin PBXSourcesBuildPhase section */
		579437A01C38790E00119137 /* Sources */ = {
			isa = PBXSourcesBuildPhase;
			buildActionMask = 2147483647;
			files = (
				579437B91C387DBD00119137 /* Tile.swift in Sources */,
				579437AA1C38790E00119137 /* GameScene.swift in Sources */,
				579437A81C38790E00119137 /* AppDelegate.swift in Sources */,
			);
			runOnlyForDeploymentPostprocessing = 0;
		};
		57B4B6561C4F470F00D3A226 /* Sources */ = {
			isa = PBXSourcesBuildPhase;
			buildActionMask = 2147483647;
			files = (
				7DAAB9311C50B6FD0007F9FA /* ScreenSaverScene.swift in Sources */,
				7DAAB9321C50B6FD0007F9FA /* ScreenSaverSKView.swift in Sources */,
				57B4B6601C4F470F00D3A226 /* DomesticView.m in Sources */,
				7DAAB9331C50B6FD0007F9FA /* Tile.swift in Sources */,
			);
			runOnlyForDeploymentPostprocessing = 0;
		};
/* End PBXSourcesBuildPhase section */

/* Begin PBXVariantGroup section */
		579437AF1C38790E00119137 /* MainMenu.xib */ = {
			isa = PBXVariantGroup;
			children = (
				579437B01C38790E00119137 /* Base */,
			);
			name = MainMenu.xib;
			sourceTree = "<group>";
		};
/* End PBXVariantGroup section */

/* Begin XCBuildConfiguration section */
		579437B31C38790E00119137 /* Debug */ = {
			isa = XCBuildConfiguration;
			buildSettings = {
				ALWAYS_SEARCH_USER_PATHS = NO;
				CLANG_CXX_LANGUAGE_STANDARD = "gnu++0x";
				CLANG_CXX_LIBRARY = "libc++";
				CLANG_ENABLE_MODULES = YES;
				CLANG_ENABLE_OBJC_ARC = YES;
				CLANG_WARN_BOOL_CONVERSION = YES;
				CLANG_WARN_CONSTANT_CONVERSION = YES;
				CLANG_WARN_DIRECT_OBJC_ISA_USAGE = YES_ERROR;
				CLANG_WARN_EMPTY_BODY = YES;
				CLANG_WARN_ENUM_CONVERSION = YES;
				CLANG_WARN_INT_CONVERSION = YES;
				CLANG_WARN_OBJC_ROOT_CLASS = YES_ERROR;
				CLANG_WARN_UNREACHABLE_CODE = YES;
				CLANG_WARN__DUPLICATE_METHOD_MATCH = YES;
				CODE_SIGN_IDENTITY = "-";
				COPY_PHASE_STRIP = NO;
				DEBUG_INFORMATION_FORMAT = "dwarf-with-dsym";
				ENABLE_STRICT_OBJC_MSGSEND = YES;
				ENABLE_TESTABILITY = YES;
				GCC_C_LANGUAGE_STANDARD = gnu99;
				GCC_DYNAMIC_NO_PIC = NO;
				GCC_NO_COMMON_BLOCKS = YES;
				GCC_OPTIMIZATION_LEVEL = 0;
				GCC_PREPROCESSOR_DEFINITIONS = (
					"DEBUG=1",
					"$(inherited)",
				);
				GCC_WARN_64_TO_32_BIT_CONVERSION = YES;
				GCC_WARN_ABOUT_RETURN_TYPE = YES_ERROR;
				GCC_WARN_UNDECLARED_SELECTOR = YES;
				GCC_WARN_UNINITIALIZED_AUTOS = YES_AGGRESSIVE;
				GCC_WARN_UNUSED_FUNCTION = YES;
				GCC_WARN_UNUSED_VARIABLE = YES;
				MACOSX_DEPLOYMENT_TARGET = 10.11;
				MTL_ENABLE_DEBUG_INFO = YES;
				ONLY_ACTIVE_ARCH = YES;
				SDKROOT = macosx;
				SWIFT_OPTIMIZATION_LEVEL = "-Onone";
			};
			name = Debug;
		};
		579437B41C38790E00119137 /* Release */ = {
			isa = XCBuildConfiguration;
			buildSettings = {
				ALWAYS_SEARCH_USER_PATHS = NO;
				CLANG_CXX_LANGUAGE_STANDARD = "gnu++0x";
				CLANG_CXX_LIBRARY = "libc++";
				CLANG_ENABLE_MODULES = YES;
				CLANG_ENABLE_OBJC_ARC = YES;
				CLANG_WARN_BOOL_CONVERSION = YES;
				CLANG_WARN_CONSTANT_CONVERSION = YES;
				CLANG_WARN_DIRECT_OBJC_ISA_USAGE = YES_ERROR;
				CLANG_WARN_EMPTY_BODY = YES;
				CLANG_WARN_ENUM_CONVERSION = YES;
				CLANG_WARN_INT_CONVERSION = YES;
				CLANG_WARN_OBJC_ROOT_CLASS = YES_ERROR;
				CLANG_WARN_UNREACHABLE_CODE = YES;
				CLANG_WARN__DUPLICATE_METHOD_MATCH = YES;
				CODE_SIGN_IDENTITY = "-";
				COPY_PHASE_STRIP = NO;
				DEBUG_INFORMATION_FORMAT = "dwarf-with-dsym";
				ENABLE_NS_ASSERTIONS = NO;
				ENABLE_STRICT_OBJC_MSGSEND = YES;
				GCC_C_LANGUAGE_STANDARD = gnu99;
				GCC_NO_COMMON_BLOCKS = YES;
				GCC_WARN_64_TO_32_BIT_CONVERSION = YES;
				GCC_WARN_ABOUT_RETURN_TYPE = YES_ERROR;
				GCC_WARN_UNDECLARED_SELECTOR = YES;
				GCC_WARN_UNINITIALIZED_AUTOS = YES_AGGRESSIVE;
				GCC_WARN_UNUSED_FUNCTION = YES;
				GCC_WARN_UNUSED_VARIABLE = YES;
				MACOSX_DEPLOYMENT_TARGET = 10.11;
				MTL_ENABLE_DEBUG_INFO = NO;
				SDKROOT = macosx;
			};
			name = Release;
		};
		579437B61C38790E00119137 /* Debug */ = {
			isa = XCBuildConfiguration;
			buildSettings = {
				ASSETCATALOG_COMPILER_APPICON_NAME = AppIcon;
				CODE_SIGN_IDENTITY = "Developer ID Application";
				COMBINE_HIDPI_IMAGES = YES;
				INFOPLIST_FILE = Tatami/Info.plist;
				LD_RUNPATH_SEARCH_PATHS = "$(inherited) @executable_path/../Frameworks";
				MACOSX_DEPLOYMENT_TARGET = 10.10;
				PRODUCT_BUNDLE_IDENTIFIER = com.xxiivv.DomesticMoire;
				PRODUCT_NAME = "Domestic Moire";
			};
			name = Debug;
		};
		579437B71C38790E00119137 /* Release */ = {
			isa = XCBuildConfiguration;
			buildSettings = {
				ASSETCATALOG_COMPILER_APPICON_NAME = AppIcon;
				CODE_SIGN_IDENTITY = "Developer ID Application";
				COMBINE_HIDPI_IMAGES = YES;
				INFOPLIST_FILE = Tatami/Info.plist;
				LD_RUNPATH_SEARCH_PATHS = "$(inherited) @executable_path/../Frameworks";
				MACOSX_DEPLOYMENT_TARGET = 10.10;
				PRODUCT_BUNDLE_IDENTIFIER = com.xxiivv.DomesticMoire;
				PRODUCT_NAME = "Domestic Moire";
			};
			name = Release;
		};
		57B4B6621C4F470F00D3A226 /* Debug */ = {
			isa = XCBuildConfiguration;
			buildSettings = {
				COMBINE_HIDPI_IMAGES = YES;
				DEBUG_INFORMATION_FORMAT = dwarf;
				EMBEDDED_CONTENT_CONTAINS_SWIFT = YES;
				INFOPLIST_FILE = Domestic/Info.plist;
				INSTALL_PATH = "$(HOME)/Library/Screen Savers";
				LD_RUNPATH_SEARCH_PATHS = "$(inherited) @executable_path/../Frameworks @loader_path/../Frameworks";
				PRODUCT_BUNDLE_IDENTIFIER = com.xxiivv.Domestic;
				PRODUCT_NAME = "$(TARGET_NAME)";
				WRAPPER_EXTENSION = saver;
			};
			name = Debug;
		};
		57B4B6631C4F470F00D3A226 /* Release */ = {
			isa = XCBuildConfiguration;
			buildSettings = {
				COMBINE_HIDPI_IMAGES = YES;
				EMBEDDED_CONTENT_CONTAINS_SWIFT = YES;
				INFOPLIST_FILE = Domestic/Info.plist;
				INSTALL_PATH = "$(HOME)/Library/Screen Savers";
				LD_RUNPATH_SEARCH_PATHS = "$(inherited) @executable_path/../Frameworks @loader_path/../Frameworks";
				PRODUCT_BUNDLE_IDENTIFIER = com.xxiivv.Domestic;
				PRODUCT_NAME = "$(TARGET_NAME)";
				WRAPPER_EXTENSION = saver;
			};
			name = Release;
		};
/* End XCBuildConfiguration section */

/* Begin XCConfigurationList section */
		5794379F1C38790E00119137 /* Build configuration list for PBXProject "Domestic Moire" */ = {
			isa = XCConfigurationList;
			buildConfigurations = (
				579437B31C38790E00119137 /* Debug */,
				579437B41C38790E00119137 /* Release */,
			);
			defaultConfigurationIsVisible = 0;
			defaultConfigurationName = Release;
		};
		579437B51C38790E00119137 /* Build configuration list for PBXNativeTarget "Domestic Moire" */ = {
			isa = XCConfigurationList;
			buildConfigurations = (
				579437B61C38790E00119137 /* Debug */,
				579437B71C38790E00119137 /* Release */,
			);
			defaultConfigurationIsVisible = 0;
			defaultConfigurationName = Release;
		};
		57B4B6641C4F470F00D3A226 /* Build configuration list for PBXNativeTarget "Domestic" */ = {
			isa = XCConfigurationList;
			buildConfigurations = (
				57B4B6621C4F470F00D3A226 /* Debug */,
				57B4B6631C4F470F00D3A226 /* Release */,
			);
			defaultConfigurationIsVisible = 0;
			defaultConfigurationName = Release;
		};
/* End XCConfigurationList section */
	};
	rootObject = 5794379C1C38790E00119137 /* Project object */;
}
